# This file is automatically @generated by Poetry 1.5.1 and should not be changed by hand.

[[package]]
name = "pyee"
version = "11.0.0"
description = "A rough port of Node.js's EventEmitter to Python with a few tricks of its own"
optional = false
python-versions = ">=3.8"
files = [
    {file = "pyee-11.0.0-py3-none-any.whl", hash = "sha256:78bb582de8083e50cbcc9aef3e40b43d5bfa321ef85bda07a1a7b8a0c78cfebe"},
    {file = "pyee-11.0.0.tar.gz", hash = "sha256:27c682bce60bdadc5d3e23eacd4101df328c0280884a3d9c07f3a4e3e595de27"},
]

[package.dependencies]
typing-extensions = "*"

[package.extras]
dev = ["black", "flake8", "flake8-black", "isort", "jupyter-console", "mkdocs", "mkdocs-include-markdown-plugin", "mkdocstrings[python]", "pytest", "pytest-asyncio", "pytest-trio", "toml", "tox", "trio", "trio", "trio-typing", "twine", "twisted", "validate-pyproject[all]"]

[[package]]
name = "pyqt5"
version = "5.15.9"
description = "Python bindings for the Qt cross platform application toolkit"
optional = false
python-versions = ">=3.7"
files = [
    {file = "PyQt5-5.15.9-cp37-abi3-macosx_10_13_x86_64.whl", hash = "sha256:883ba5c8a348be78c8be6a3d3ba014c798e679503bce00d76c666c2dc6afe828"},
    {file = "PyQt5-5.15.9-cp37-abi3-manylinux_2_17_x86_64.whl", hash = "sha256:dd5ce10e79fbf1df29507d2daf99270f2057cdd25e4de6fbf2052b46c652e3a5"},
    {file = "PyQt5-5.15.9-cp37-abi3-win32.whl", hash = "sha256:e45c5cc15d4fd26ab5cb0e5cdba60691a3e9086411f8e3662db07a5a4222a696"},
    {file = "PyQt5-5.15.9-cp37-abi3-win_amd64.whl", hash = "sha256:e030d795df4cbbfcf4f38b18e2e119bcc9e177ef658a5094b87bb16cac0ce4c5"},
    {file = "PyQt5-5.15.9.tar.gz", hash = "sha256:dc41e8401a90dc3e2b692b411bd5492ab559ae27a27424eed4bd3915564ec4c0"},
]

[package.dependencies]
PyQt5-Qt5 = ">=5.15.2"
PyQt5-sip = ">=12.11,<13"

[[package]]
name = "pyqt5-qt5"
version = "5.15.2"
description = "The subset of a Qt installation needed by PyQt5."
optional = false
python-versions = "*"
files = [
    {file = "PyQt5_Qt5-5.15.2-py3-none-macosx_10_13_intel.whl", hash = "sha256:76980cd3d7ae87e3c7a33bfebfaee84448fd650bad6840471d6cae199b56e154"},
    {file = "PyQt5_Qt5-5.15.2-py3-none-manylinux2014_x86_64.whl", hash = "sha256:1988f364ec8caf87a6ee5d5a3a5210d57539988bf8e84714c7d60972692e2f4a"},
    {file = "PyQt5_Qt5-5.15.2-py3-none-win32.whl", hash = "sha256:9cc7a768b1921f4b982ebc00a318ccb38578e44e45316c7a4a850e953e1dd327"},
    {file = "PyQt5_Qt5-5.15.2-py3-none-win_amd64.whl", hash = "sha256:750b78e4dba6bdf1607febedc08738e318ea09e9b10aea9ff0d73073f11f6962"},
]

[[package]]
name = "pyqt5-sip"
version = "12.12.2"
description = "The sip module support for PyQt5"
optional = false
python-versions = ">=3.7"
files = [
    {file = "PyQt5_sip-12.12.2-cp310-cp310-macosx_10_9_universal2.whl", hash = "sha256:1cc49c8498c34649325d53bcd243c854391f828d9bab4f2f3afd3ee3451cab72"},
    {file = "PyQt5_sip-12.12.2-cp310-cp310-manylinux_2_5_x86_64.manylinux1_x86_64.whl", hash = "sha256:c8f6e7a697d0ddf754798988fae7b2a0da04f6a59fb13ae863e5d1da4b280c4f"},
    {file = "PyQt5_sip-12.12.2-cp310-cp310-win32.whl", hash = "sha256:7e572c8104e75db2c69609d195daf44c7b965dcb1c5b48e30fc376868909be56"},
    {file = "PyQt5_sip-12.12.2-cp310-cp310-win_amd64.whl", hash = "sha256:6a65697aa0fdb66e20d7b1ef8adfacc1caf1e61655530920172bf3a2fb1148cd"},
    {file = "PyQt5_sip-12.12.2-cp311-cp311-macosx_10_9_universal2.whl", hash = "sha256:761e018dbbc46daccdb01f8f0dcc0d055c76834d839f0343cbec4b0ecbbde512"},
    {file = "PyQt5_sip-12.12.2-cp311-cp311-manylinux_2_5_x86_64.manylinux1_x86_64.whl", hash = "sha256:9d2b127ba5155bff452944b8a96ba06d7ec2161f48a2f9cc190425bfca94ab6b"},
    {file = "PyQt5_sip-12.12.2-cp311-cp311-win32.whl", hash = "sha256:26e75bc4ffd8e6b19ae96fe93dc135eb5aea03e4570724d4b3c40dbf36f3a2e6"},
    {file = "PyQt5_sip-12.12.2-cp311-cp311-win_amd64.whl", hash = "sha256:d9548f353f17407d00f67d08c737de9f5c067352c3bdac8571492c614c2893eb"},
    {file = "PyQt5_sip-12.12.2-cp37-cp37m-macosx_10_9_x86_64.whl", hash = "sha256:7e640b7636d86271ba8969b260e1655068b44750f20801ebc80f49a1aa737bf9"},
    {file = "PyQt5_sip-12.12.2-cp37-cp37m-manylinux_2_5_x86_64.manylinux1_x86_64.whl", hash = "sha256:e46d957fbeecaa1437f2dd715407b1e59e0918cc29382c7ea79784c5f3cbe0d2"},
    {file = "PyQt5_sip-12.12.2-cp37-cp37m-win32.whl", hash = "sha256:cb4523097f1ccabb95b3197a58278a40fc944b33791d3406bfa397e12303b6c6"},
    {file = "PyQt5_sip-12.12.2-cp37-cp37m-win_amd64.whl", hash = "sha256:ed04bd0065d870912c1b0a4b34b8a78698c76d77f15474c3e841b0b6dd2f429f"},
    {file = "PyQt5_sip-12.12.2-cp38-cp38-macosx_10_9_x86_64.whl", hash = "sha256:71795c177010e52109812b03ec919020461ec42a7d9d241a45fe6d708529b5a6"},
    {file = "PyQt5_sip-12.12.2-cp38-cp38-manylinux_2_5_x86_64.manylinux1_x86_64.whl", hash = "sha256:de06b6bd8241a189f729b8c093ce5dcf5928489eb7748bda28e28324e57544b0"},
    {file = "PyQt5_sip-12.12.2-cp38-cp38-win32.whl", hash = "sha256:7050ad8f94370eb7e4caa022b7e6d8b2de615e0714b557ca2098c82c0132074a"},
    {file = "PyQt5_sip-12.12.2-cp38-cp38-win_amd64.whl", hash = "sha256:67eed70427d3291e5c52c349fb4619c57c9a8810ab8d78a142c00edcbfd20d3b"},
    {file = "PyQt5_sip-12.12.2-cp39-cp39-macosx_10_9_universal2.whl", hash = "sha256:cf74db9a1542f66793ccc00e403c8c2c36c67c0cff0fb01d23fe71cc1c56c788"},
    {file = "PyQt5_sip-12.12.2-cp39-cp39-manylinux_2_5_x86_64.manylinux1_x86_64.whl", hash = "sha256:23e983119f760dc6c1a1e6cb21fd4c268d14c4ee497de6da9ce2b9d46f9779b2"},
    {file = "PyQt5_sip-12.12.2-cp39-cp39-win32.whl", hash = "sha256:a88ce85176639723f04cf5ce59157ecf3a9faca5d5dd1fe82d5ef46a3bd1d102"},
    {file = "PyQt5_sip-12.12.2-cp39-cp39-win_amd64.whl", hash = "sha256:7f13e71f5171f30d8b4176c081f0203a43e1704746b4cdaa837477945177b2a0"},
    {file = "PyQt5_sip-12.12.2.tar.gz", hash = "sha256:10d9bfa9f59f0fd1cad81be187479316ffc95684f573efea94512cb4257d2b17"},
]

[[package]]
name = "python-ffmpeg"
version = "2.0.4"
description = "A python binding for FFmpeg which provides sync and async APIs"
optional = false
python-versions = ">=3.7"
files = [
    {file = "python-ffmpeg-2.0.4.tar.gz", hash = "sha256:4d5275a58da2a82fb550acbf496ff86e76d677e06b781baeefbe05a4cd47ab50"},
    {file = "python_ffmpeg-2.0.4-py3-none-any.whl", hash = "sha256:89aa9a0a6232a4fda58a9153af7d6c73b4d80d52b08dcde2b3c4ddcceb392b95"},
]

[package.dependencies]
pyee = "*"
typing-extensions = "*"

[[package]]
name = "typing-extensions"
version = "4.7.1"
description = "Backported and Experimental Type Hints for Python 3.7+"
optional = false
python-versions = ">=3.7"
files = [
    {file = "typing_extensions-4.7.1-py3-none-any.whl", hash = "sha256:440d5dd3af93b060174bf433bccd69b0babc3b15b1a8dca43789fd7f61514b36"},
    {file = "typing_extensions-4.7.1.tar.gz", hash = "sha256:b75ddc264f0ba5615db7ba217daeb99701ad295353c45f9e95963337ceeeffb2"},
]

[metadata]
lock-version = "2.0"
python-versions = "^3.11"
content-hash = "1deb0ca94c1569e5c2a321b45c59ca6ec1924681ebe085cc0333e7faf559f6db"
